
Microsoft Visual Studio Solution File, Format Version 12.00
# Visual Studio Version 17
VisualStudioVersion = 17.1.32421.90
MinimumVisualStudioVersion = 10.0.40219.1
Project("{FAE04EC0-301F-11D3-BF4B-00C04F79EFBC}") = "BookstoreWeb", "BookstoreWeb\BookstoreWeb.csproj", "{CC4B2781-7E8F-4992-8525-127205189EA9}"
EndProject
Global
	GlobalSection(SolutionConfigurationPlatforms) = preSolution
		Debug|Any CPU = Debug|Any CPU
		Release|Any CPU = Release|Any CPU
	EndGlobalSection
	GlobalSection(ProjectConfigurationPlatforms) = postSolution
		{CC4B2781-7E8F-4992-8525-127205189EA9}.Debug|Any CPU.ActiveCfg = Debug|Any CPU
		{CC4B2781-7E8F-4992-8525-127205189EA9}.Debug|Any CPU.Build.0 = Debug|Any CPU
		{CC4B2781-7E8F-4992-8525-127205189EA9}.Release|Any CPU.ActiveCfg = Release|Any CPU
		{CC4B2781-7E8F-4992-8525-127205189EA9}.Release|Any CPU.Build.0 = Release|Any CPU
	EndGlobalSection
	GlobalSection(SolutionProperties) = preSolution
		HideSolutionNode = FALSE
	EndGlobalSection
	GlobalSection(ExtensibilityGlobals) = postSolution
		SolutionGuid = {78E22851-5A57-4722-8284-C8C3EF5C5C0A}
	EndGlobalSection
EndGlobal
